<?xml version="1.0" encoding="UTF-8" standalone="yes" ?>
<CodeBlocks_project_file>
	<FileVersion major="1" minor="6" />
	<Project>
		<Option title="Proyecto" />
		<Option pch_mode="2" />
		<Option compiler="gcc" />
		<Build>
			<Target title="Debug">
				<Option output="bin/Debug/Proyecto" prefix_auto="1" extension_auto="1" />
				<Option object_output="obj/Debug/" />
				<Option type="1" />
				<Option compiler="gcc" />
				<Compiler>
					<Add option="-g" />
				</Compiler>
			</Target>
			<Target title="Release">
				<Option output="bin/Release/Proyecto" prefix_auto="1" extension_auto="1" />
				<Option object_output="obj/Release/" />
				<Option type="1" />
				<Option compiler="gcc" />
				<Compiler>
					<Add option="-O2" />
				</Compiler>
				<Linker>
					<Add option="-s" />
				</Linker>
			</Target>
		</Build>
		<Compiler>
			<Add option="-Wall" />
			<Add option="-fexceptions" />
		</Compiler>
		<Unit filename="Character.cpp" />
		<Unit filename="Character.h" />
		<Unit filename="Hitbox.cpp" />
		<Unit filename="Hitbox.h" />
		<Unit filename="HurtBox.cpp" />
		<Unit filename="HurtBox.h" />
<<<<<<< HEAD
		<Unit filename="Menu.cpp" />
		<Unit filename="Menu.h" />
		<Unit filename="Sprite.cpp" />
		<Unit filename="Sprite.h" />
=======
		<Unit filename="Level.cpp" />
		<Unit filename="Level.h" />
		<Unit filename="Sprite.cpp" />
		<Unit filename="Sprite.h" />
		<Unit filename="Zombie.cpp" />
		<Unit filename="Zombie.h" />
>>>>>>> 1a704a9f858f1590d5e2765e2ed534c54e38cd36
		<Unit filename="main.cpp" />
		<Extensions>
			<code_completion />
			<envvars />
			<debugger />
		</Extensions>
	</Project>
</CodeBlocks_project_file>
